
Microsoft Visual Studio Solution File, Format Version 12.00
# Visual Studio 15
VisualStudioVersion = 15.0.26006.2
MinimumVisualStudioVersion = 10.0.40219.1
Project("{9A19103F-16F7-4668-BE54-9A1E7A4F7556}") = "App", "..\App\App.csproj", "{70C25969-FE10-4313-BC1D-366A815E26A2}"
EndProject
Project("{9A19103F-16F7-4668-BE54-9A1E7A4F7556}") = "Lib", "..\Lib\Lib.csproj", "{6B85F3A0-3CB9-4006-884D-2B403A755827}"
EndProject
Global
	GlobalSection(SolutionConfigurationPlatforms) = preSolution
		Debug|Any CPU = Debug|Any CPU
		Debug|x64 = Debug|x64
		Debug|x86 = Debug|x86
		Release|Any CPU = Release|Any CPU
		Release|x64 = Release|x64
		Release|x86 = Release|x86
	EndGlobalSection
	GlobalSection(ProjectConfigurationPlatforms) = postSolution
		{70C25969-FE10-4313-BC1D-366A815E26A2}.Debug|Any CPU.ActiveCfg = Debug|Any CPU
		{70C25969-FE10-4313-BC1D-366A815E26A2}.Debug|Any CPU.Build.0 = Debug|Any CPU
		{70C25969-FE10-4313-BC1D-366A815E26A2}.Debug|x64.ActiveCfg = Debug|x64
		{70C25969-FE10-4313-BC1D-366A815E26A2}.Debug|x64.Build.0 = Debug|x64
		{70C25969-FE10-4313-BC1D-366A815E26A2}.Debug|x86.ActiveCfg = Debug|x86
		{70C25969-FE10-4313-BC1D-366A815E26A2}.Debug|x86.Build.0 = Debug|x86
		{70C25969-FE10-4313-BC1D-366A815E26A2}.Release|Any CPU.ActiveCfg = Release|Any CPU
		{70C25969-FE10-4313-BC1D-366A815E26A2}.Release|Any CPU.Build.0 = Release|Any CPU
		{70C25969-FE10-4313-BC1D-366A815E26A2}.Release|x64.ActiveCfg = Release|x64
		{70C25969-FE10-4313-BC1D-366A815E26A2}.Release|x64.Build.0 = Release|x64
		{70C25969-FE10-4313-BC1D-366A815E26A2}.Release|x86.ActiveCfg = Release|x86
		{70C25969-FE10-4313-BC1D-366A815E26A2}.Release|x86.Build.0 = Release|x86
		{6B85F3A0-3CB9-4006-884D-2B403A755827}.Debug|Any CPU.ActiveCfg = Debug|Any CPU
		{6B85F3A0-3CB9-4006-884D-2B403A755827}.Debug|Any CPU.Build.0 = Debug|Any CPU
		{6B85F3A0-3CB9-4006-884D-2B403A755827}.Debug|x64.ActiveCfg = Debug|x64
		{6B85F3A0-3CB9-4006-884D-2B403A755827}.Debug|x64.Build.0 = Debug|x64
		{6B85F3A0-3CB9-4006-884D-2B403A755827}.Debug|x86.ActiveCfg = Debug|x86
		{6B85F3A0-3CB9-4006-884D-2B403A755827}.Debug|x86.Build.0 = Debug|x86
		{6B85F3A0-3CB9-4006-884D-2B403A755827}.Release|Any CPU.ActiveCfg = Release|Any CPU
		{6B85F3A0-3CB9-4006-884D-2B403A755827}.Release|Any CPU.Build.0 = Release|Any CPU
		{6B85F3A0-3CB9-4006-884D-2B403A755827}.Release|x64.ActiveCfg = Release|x64
		{6B85F3A0-3CB9-4006-884D-2B403A755827}.Release|x64.Build.0 = Release|x64
		{6B85F3A0-3CB9-4006-884D-2B403A755827}.Release|x86.ActiveCfg = Release|x86
		{6B85F3A0-3CB9-4006-884D-2B403A755827}.Release|x86.Build.0 = Release|x86
	EndGlobalSection
	GlobalSection(SolutionProperties) = preSolution
		HideSolutionNode = FALSE
	EndGlobalSection
EndGlobal
